
Microsoft Visual Studio Solution File, Format Version 12.00
# Visual Studio 2012
Project("{8BC9CEB8-8B4A-11D0-8D11-00A0C91BC942}") = "HelloDLL", "HelloDLL\HelloDLL.vcxproj", "{0859FFE9-2378-46F5-B6AF-F5ED7E579B50}"
EndProject
Project("{8BC9CEB8-8B4A-11D0-8D11-00A0C91BC942}") = "DLLsLIBsUser", "DLLUser\DLLUser.vcxproj", "{3F9A7265-9F6E-4614-ABB7-477BCD13C25D}"
EndProject
Project("{8BC9CEB8-8B4A-11D0-8D11-00A0C91BC942}") = "HelloLib", "HelloLib\HelloLib.vcxproj", "{510EC357-8493-43AB-A0E2-2C5856D7B1DF}"
EndProject
Global
	GlobalSection(SolutionConfigurationPlatforms) = preSolution
		Debug|Win32 = Debug|Win32
		Release|Win32 = Release|Win32
	EndGlobalSection
	GlobalSection(ProjectConfigurationPlatforms) = postSolution
		{0859FFE9-2378-46F5-B6AF-F5ED7E579B50}.Debug|Win32.ActiveCfg = Debug|Win32
		{0859FFE9-2378-46F5-B6AF-F5ED7E579B50}.Debug|Win32.Build.0 = Debug|Win32
		{0859FFE9-2378-46F5-B6AF-F5ED7E579B50}.Release|Win32.ActiveCfg = Release|Win32
		{0859FFE9-2378-46F5-B6AF-F5ED7E579B50}.Release|Win32.Build.0 = Release|Win32
		{3F9A7265-9F6E-4614-ABB7-477BCD13C25D}.Debug|Win32.ActiveCfg = Debug|Win32
		{3F9A7265-9F6E-4614-ABB7-477BCD13C25D}.Debug|Win32.Build.0 = Debug|Win32
		{3F9A7265-9F6E-4614-ABB7-477BCD13C25D}.Release|Win32.ActiveCfg = Release|Win32
		{3F9A7265-9F6E-4614-ABB7-477BCD13C25D}.Release|Win32.Build.0 = Release|Win32
		{510EC357-8493-43AB-A0E2-2C5856D7B1DF}.Debug|Win32.ActiveCfg = Debug|Win32
		{510EC357-8493-43AB-A0E2-2C5856D7B1DF}.Debug|Win32.Build.0 = Debug|Win32
		{510EC357-8493-43AB-A0E2-2C5856D7B1DF}.Release|Win32.ActiveCfg = Release|Win32
		{510EC357-8493-43AB-A0E2-2C5856D7B1DF}.Release|Win32.Build.0 = Release|Win32
	EndGlobalSection
	GlobalSection(SolutionProperties) = preSolution
		HideSolutionNode = FALSE
	EndGlobalSection
EndGlobal
